
Microsoft Visual Studio Solution File, Format Version 12.00
# Visual Studio Version 17
VisualStudioVersion = 17.9.34723.18
MinimumVisualStudioVersion = 10.0.40219.1
Project("{9A19103F-16F7-4668-BE54-9A1E7A4F7556}") = "pq-file-storage-project", "pq-file-storage-project\pq-file-storage-project.csproj", "{5D4562C1-103E-4737-9D7F-C58F35D417C3}"
EndProject
Project("{FAE04EC0-301F-11D3-BF4B-00C04F79EFBC}") = "DataAccessClassLibrary", "DataAccessClassLibrary\DataAccessClassLibrary.csproj", "{751F66FA-2BC1-4F40-98D0-EC14101F7F64}"
EndProject
Global
	GlobalSection(SolutionConfigurationPlatforms) = preSolution
		Debug|Any CPU = Debug|Any CPU
		Release|Any CPU = Release|Any CPU
	EndGlobalSection
	GlobalSection(ProjectConfigurationPlatforms) = postSolution
		{5D4562C1-103E-4737-9D7F-C58F35D417C3}.Debug|Any CPU.ActiveCfg = Debug|Any CPU
		{5D4562C1-103E-4737-9D7F-C58F35D417C3}.Debug|Any CPU.Build.0 = Debug|Any CPU
		{5D4562C1-103E-4737-9D7F-C58F35D417C3}.Debug|Any CPU.Deploy.0 = Debug|Any CPU
		{5D4562C1-103E-4737-9D7F-C58F35D417C3}.Release|Any CPU.ActiveCfg = Release|Any CPU
		{5D4562C1-103E-4737-9D7F-C58F35D417C3}.Release|Any CPU.Build.0 = Release|Any CPU
		{5D4562C1-103E-4737-9D7F-C58F35D417C3}.Release|Any CPU.Deploy.0 = Release|Any CPU
		{751F66FA-2BC1-4F40-98D0-EC14101F7F64}.Debug|Any CPU.ActiveCfg = Debug|Any CPU
		{751F66FA-2BC1-4F40-98D0-EC14101F7F64}.Debug|Any CPU.Build.0 = Debug|Any CPU
		{751F66FA-2BC1-4F40-98D0-EC14101F7F64}.Release|Any CPU.ActiveCfg = Release|Any CPU
		{751F66FA-2BC1-4F40-98D0-EC14101F7F64}.Release|Any CPU.Build.0 = Release|Any CPU
	EndGlobalSection
	GlobalSection(SolutionProperties) = preSolution
		HideSolutionNode = FALSE
	EndGlobalSection
	GlobalSection(ExtensibilityGlobals) = postSolution
		SolutionGuid = {703C0BCD-6B74-4AB3-82F9-AB8E7D16DBB3}
	EndGlobalSection
EndGlobal
